
Microsoft Visual Studio Solution File, Format Version 12.00
# Visual Studio Version 17
VisualStudioVersion = 17.4.33213.308
MinimumVisualStudioVersion = 10.0.40219.1
Project("{FAE04EC0-301F-11D3-BF4B-00C04F79EFBC}") = "TemplateMethod", "TemplateMethod.csproj", "{20705057-C985-4FEE-9446-0D8D04EEBFAB}"
EndProject
Global
	GlobalSection(SolutionConfigurationPlatforms) = preSolution
		Debug|Any CPU = Debug|Any CPU
		Release|Any CPU = Release|Any CPU
	EndGlobalSection
	GlobalSection(ProjectConfigurationPlatforms) = postSolution
		{20705057-C985-4FEE-9446-0D8D04EEBFAB}.Debug|Any CPU.ActiveCfg = Debug|Any CPU
		{20705057-C985-4FEE-9446-0D8D04EEBFAB}.Debug|Any CPU.Build.0 = Debug|Any CPU
		{20705057-C985-4FEE-9446-0D8D04EEBFAB}.Release|Any CPU.ActiveCfg = Release|Any CPU
		{20705057-C985-4FEE-9446-0D8D04EEBFAB}.Release|Any CPU.Build.0 = Release|Any CPU
	EndGlobalSection
	GlobalSection(SolutionProperties) = preSolution
		HideSolutionNode = FALSE
	EndGlobalSection
	GlobalSection(ExtensibilityGlobals) = postSolution
		SolutionGuid = {71312ED6-9B15-4249-B450-67BA3D7B6681}
	EndGlobalSection
EndGlobal
