
Microsoft Visual Studio Solution File, Format Version 12.00
# Visual Studio Version 17
VisualStudioVersion = 17.5.33424.131
MinimumVisualStudioVersion = 10.0.40219.1
Project("{FAE04EC0-301F-11D3-BF4B-00C04F79EFBC}") = "Composite", "Composite.csproj", "{0446D326-A4B4-4CBB-A283-ED9EFBCBAFD1}"
EndProject
Global
	GlobalSection(SolutionConfigurationPlatforms) = preSolution
		Debug|Any CPU = Debug|Any CPU
		Release|Any CPU = Release|Any CPU
	EndGlobalSection
	GlobalSection(ProjectConfigurationPlatforms) = postSolution
		{0446D326-A4B4-4CBB-A283-ED9EFBCBAFD1}.Debug|Any CPU.ActiveCfg = Debug|Any CPU
		{0446D326-A4B4-4CBB-A283-ED9EFBCBAFD1}.Debug|Any CPU.Build.0 = Debug|Any CPU
		{0446D326-A4B4-4CBB-A283-ED9EFBCBAFD1}.Release|Any CPU.ActiveCfg = Release|Any CPU
		{0446D326-A4B4-4CBB-A283-ED9EFBCBAFD1}.Release|Any CPU.Build.0 = Release|Any CPU
	EndGlobalSection
	GlobalSection(SolutionProperties) = preSolution
		HideSolutionNode = FALSE
	EndGlobalSection
	GlobalSection(ExtensibilityGlobals) = postSolution
		SolutionGuid = {61BF8F85-8252-42BA-BE6D-50D0BA1A56AB}
	EndGlobalSection
EndGlobal
