
Microsoft Visual Studio Solution File, Format Version 12.00
# Visual Studio Version 17
VisualStudioVersion = 17.4.33213.308
MinimumVisualStudioVersion = 10.0.40219.1
Project("{FAE04EC0-301F-11D3-BF4B-00C04F79EFBC}") = "Visitor", "Visitor.csproj", "{4EB35311-E364-45F4-90FE-9F228C770804}"
EndProject
Global
	GlobalSection(SolutionConfigurationPlatforms) = preSolution
		Debug|Any CPU = Debug|Any CPU
		Release|Any CPU = Release|Any CPU
	EndGlobalSection
	GlobalSection(ProjectConfigurationPlatforms) = postSolution
		{4EB35311-E364-45F4-90FE-9F228C770804}.Debug|Any CPU.ActiveCfg = Debug|Any CPU
		{4EB35311-E364-45F4-90FE-9F228C770804}.Debug|Any CPU.Build.0 = Debug|Any CPU
		{4EB35311-E364-45F4-90FE-9F228C770804}.Release|Any CPU.ActiveCfg = Release|Any CPU
		{4EB35311-E364-45F4-90FE-9F228C770804}.Release|Any CPU.Build.0 = Release|Any CPU
	EndGlobalSection
	GlobalSection(SolutionProperties) = preSolution
		HideSolutionNode = FALSE
	EndGlobalSection
	GlobalSection(ExtensibilityGlobals) = postSolution
		SolutionGuid = {9D7AB543-EFCE-493A-B047-F6FDB211D0A7}
	EndGlobalSection
EndGlobal
