
Microsoft Visual Studio Solution File, Format Version 12.00
# Visual Studio Version 17
VisualStudioVersion = 17.5.33424.131
MinimumVisualStudioVersion = 10.0.40219.1
Project("{FAE04EC0-301F-11D3-BF4B-00C04F79EFBC}") = "Decorator", "Decorator.csproj", "{0F832814-6455-455A-9D20-B2AB0EC4836C}"
EndProject
Global
	GlobalSection(SolutionConfigurationPlatforms) = preSolution
		Debug|Any CPU = Debug|Any CPU
		Release|Any CPU = Release|Any CPU
	EndGlobalSection
	GlobalSection(ProjectConfigurationPlatforms) = postSolution
		{0F832814-6455-455A-9D20-B2AB0EC4836C}.Debug|Any CPU.ActiveCfg = Debug|Any CPU
		{0F832814-6455-455A-9D20-B2AB0EC4836C}.Debug|Any CPU.Build.0 = Debug|Any CPU
		{0F832814-6455-455A-9D20-B2AB0EC4836C}.Release|Any CPU.ActiveCfg = Release|Any CPU
		{0F832814-6455-455A-9D20-B2AB0EC4836C}.Release|Any CPU.Build.0 = Release|Any CPU
	EndGlobalSection
	GlobalSection(SolutionProperties) = preSolution
		HideSolutionNode = FALSE
	EndGlobalSection
	GlobalSection(ExtensibilityGlobals) = postSolution
		SolutionGuid = {9E92DBF2-15C1-4E46-906F-E199F0441368}
	EndGlobalSection
EndGlobal
