
Microsoft Visual Studio Solution File, Format Version 12.00
# Visual Studio Version 17
VisualStudioVersion = 17.4.33213.308
MinimumVisualStudioVersion = 10.0.40219.1
Project("{FAE04EC0-301F-11D3-BF4B-00C04F79EFBC}") = "DependencyInjection", "DependencyInjection.csproj", "{5F64E89B-50F4-4813-B945-03C3902BB34A}"
EndProject
Global
	GlobalSection(SolutionConfigurationPlatforms) = preSolution
		Debug|Any CPU = Debug|Any CPU
		Release|Any CPU = Release|Any CPU
	EndGlobalSection
	GlobalSection(ProjectConfigurationPlatforms) = postSolution
		{5F64E89B-50F4-4813-B945-03C3902BB34A}.Debug|Any CPU.ActiveCfg = Debug|Any CPU
		{5F64E89B-50F4-4813-B945-03C3902BB34A}.Debug|Any CPU.Build.0 = Debug|Any CPU
		{5F64E89B-50F4-4813-B945-03C3902BB34A}.Release|Any CPU.ActiveCfg = Release|Any CPU
		{5F64E89B-50F4-4813-B945-03C3902BB34A}.Release|Any CPU.Build.0 = Release|Any CPU
	EndGlobalSection
	GlobalSection(SolutionProperties) = preSolution
		HideSolutionNode = FALSE
	EndGlobalSection
	GlobalSection(ExtensibilityGlobals) = postSolution
		SolutionGuid = {E0E900BA-779C-46E3-85B7-5433023A4289}
	EndGlobalSection
EndGlobal
